// !$*UTF8*$!
{
	archiveVersion = 1;
	classes = {
	};
	objectVersion = 46;
	objects = {

/* Begin PBXBuildFile section */
		4A87A6601C99FB8800EB6F24 /* UIColorExtension.swift in Sources */ = {isa = PBXBuildFile; fileRef = 4A87A65F1C99FB8800EB6F24 /* UIColorExtension.swift */; };
		4A87A6621C9A0D6C00EB6F24 /* UIViewExtensions.swift in Sources */ = {isa = PBXBuildFile; fileRef = 4A87A6611C9A0D6C00EB6F24 /* UIViewExtensions.swift */; };
		4A87A6641C9A1AE500EB6F24 /* ExtensionDecimalPoints.swift in Sources */ = {isa = PBXBuildFile; fileRef = 4A87A6631C9A1AE500EB6F24 /* ExtensionDecimalPoints.swift */; };
		4AC9D6A81C9370D100E8D20A /* AppDelegate.swift in Sources */ = {isa = PBXBuildFile; fileRef = 4AC9D6A71C9370D100E8D20A /* AppDelegate.swift */; };
		4AC9D6AA1C9370D100E8D20A /* ViewController.swift in Sources */ = {isa = PBXBuildFile; fileRef = 4AC9D6A91C9370D100E8D20A /* ViewController.swift */; };
		4AC9D6AD1C9370D100E8D20A /* Main.storyboard in Resources */ = {isa = PBXBuildFile; fileRef = 4AC9D6AB1C9370D100E8D20A /* Main.storyboard */; };
		4AC9D6AF1C9370D100E8D20A /* Assets.xcassets in Resources */ = {isa = PBXBuildFile; fileRef = 4AC9D6AE1C9370D100E8D20A /* Assets.xcassets */; };
		4AC9D6B21C9370D100E8D20A /* LaunchScreen.storyboard in Resources */ = {isa = PBXBuildFile; fileRef = 4AC9D6B01C9370D100E8D20A /* LaunchScreen.storyboard */; };
/* End PBXBuildFile section */

/* Begin PBXFileReference section */
		4A87A65F1C99FB8800EB6F24 /* UIColorExtension.swift */ = {isa = PBXFileReference; fileEncoding = 4; lastKnownFileType = sourcecode.swift; path = UIColorExtension.swift; sourceTree = "<group>"; };
		4A87A6611C9A0D6C00EB6F24 /* UIViewExtensions.swift */ = {isa = PBXFileReference; fileEncoding = 4; lastKnownFileType = sourcecode.swift; path = UIViewExtensions.swift; sourceTree = "<group>"; };
		4A87A6631C9A1AE500EB6F24 /* ExtensionDecimalPoints.swift */ = {isa = PBXFileReference; fileEncoding = 4; lastKnownFileType = sourcecode.swift; path = ExtensionDecimalPoints.swift; sourceTree = "<group>"; };
		4AC9D6A41C9370D100E8D20A /* Tipster.app */ = {isa = PBXFileReference; explicitFileType = wrapper.application; includeInIndex = 0; path = Tipster.app; sourceTree = BUILT_PRODUCTS_DIR; };
		4AC9D6A71C9370D100E8D20A /* AppDelegate.swift */ = {isa = PBXFileReference; lastKnownFileType = sourcecode.swift; path = AppDelegate.swift; sourceTree = "<group>"; };
		4AC9D6A91C9370D100E8D20A /* ViewController.swift */ = {isa = PBXFileReference; lastKnownFileType = sourcecode.swift; path = ViewController.swift; sourceTree = "<group>"; };
		4AC9D6AC1C9370D100E8D20A /* Base */ = {isa = PBXFileReference; lastKnownFileType = file.storyboard; name = Base; path = Base.lproj/Main.storyboard; sourceTree = "<group>"; };
		4AC9D6AE1C9370D100E8D20A /* Assets.xcassets */ = {isa = PBXFileReference; lastKnownFileType = folder.assetcatalog; path = Assets.xcassets; sourceTree = "<group>"; };
		4AC9D6B11C9370D100E8D20A /* Base */ = {isa = PBXFileReference; lastKnownFileType = file.storyboard; name = Base; path = Base.lproj/LaunchScreen.storyboard; sourceTree = "<group>"; };
		4AC9D6B31C9370D100E8D20A /* Info.plist */ = {isa = PBXFileReference; lastKnownFileType = text.plist.xml; path = Info.plist; sourceTree = "<group>"; };
/* End PBXFileReference section */

/* Begin PBXFrameworksBuildPhase section */
		4AC9D6A11C9370D100E8D20A /* Frameworks */ = {
			isa = PBXFrameworksBuildPhase;
			buildActionMask = 2147483647;
			files = (
			);
			runOnlyForDeploymentPostprocessing = 0;
		};
/* End PBXFrameworksBuildPhase section */

/* Begin PBXGroup section */
		4A87A6651C9A1B1A00EB6F24 /* Supporting files */ = {
			isa = PBXGroup;
			children = (
				4AC9D6A71C9370D100E8D20A /* AppDelegate.swift */,
			);
			name = "Supporting files";
			path = TipCalc;
			sourceTree = "<group>";
		};
		4A87A6661C9A1B2A00EB6F24 /* Extensions */ = {
			isa = PBXGroup;
			children = (
				4A87A65F1C99FB8800EB6F24 /* UIColorExtension.swift */,
				4A87A6631C9A1AE500EB6F24 /* ExtensionDecimalPoints.swift */,
				4A87A6611C9A0D6C00EB6F24 /* UIViewExtensions.swift */,
			);
			name = Extensions;
			sourceTree = "<group>";
		};
		4AC9D69B1C9370D100E8D20A = {
			isa = PBXGroup;
			children = (
				4AC9D6A61C9370D100E8D20A /* TipCalc */,
				4A87A6651C9A1B1A00EB6F24 /* Supporting files */,
				4AC9D6A51C9370D100E8D20A /* Products */,
			);
			sourceTree = "<group>";
		};
		4AC9D6A51C9370D100E8D20A /* Products */ = {
			isa = PBXGroup;
			children = (
				4AC9D6A41C9370D100E8D20A /* Tipster.app */,
			);
			name = Products;
			sourceTree = "<group>";
		};
		4AC9D6A61C9370D100E8D20A /* TipCalc */ = {
			isa = PBXGroup;
			children = (
				4A87A6661C9A1B2A00EB6F24 /* Extensions */,
				4AC9D6A91C9370D100E8D20A /* ViewController.swift */,
				4AC9D6AB1C9370D100E8D20A /* Main.storyboard */,
				4AC9D6AE1C9370D100E8D20A /* Assets.xcassets */,
				4AC9D6B01C9370D100E8D20A /* LaunchScreen.storyboard */,
				4AC9D6B31C9370D100E8D20A /* Info.plist */,
			);
			path = TipCalc;
			sourceTree = "<group>";
		};
/* End PBXGroup section */

/* Begin PBXNativeTarget section */
		4AC9D6A31C9370D100E8D20A /* Tipster */ = {
			isa = PBXNativeTarget;
			buildConfigurationList = 4AC9D6B61C9370D100E8D20A /* Build configuration list for PBXNativeTarget "Tipster" */;
			buildPhases = (
				4AC9D6A01C9370D100E8D20A /* Sources */,
				4AC9D6A11C9370D100E8D20A /* Frameworks */,
				4AC9D6A21C9370D100E8D20A /* Resources */,
			);
			buildRules = (
			);
			dependencies = (
			);
			name = Tipster;
			productName = TipCalc;
			productReference = 4AC9D6A41C9370D100E8D20A /* Tipster.app */;
			productType = "com.apple.product-type.application";
		};
/* End PBXNativeTarget section */

/* Begin PBXProject section */
		4AC9D69C1C9370D100E8D20A /* Project object */ = {
			isa = PBXProject;
			attributes = {
				LastSwiftUpdateCheck = 0720;
				LastUpgradeCheck = 0720;
				ORGANIZATIONNAME = "Nicholas Naudé";
				TargetAttributes = {
					4AC9D6A31C9370D100E8D20A = {
						CreatedOnToolsVersion = 7.2.1;
					};
				};
			};
			buildConfigurationList = 4AC9D69F1C9370D100E8D20A /* Build configuration list for PBXProject "Tipster" */;
			compatibilityVersion = "Xcode 3.2";
			developmentRegion = English;
			hasScannedForEncodings = 0;
			knownRegions = (
				en,
				Base,
			);
			mainGroup = 4AC9D69B1C9370D100E8D20A;
			productRefGroup = 4AC9D6A51C9370D100E8D20A /* Products */;
			projectDirPath = "";
			projectRoot = "";
			targets = (
				4AC9D6A31C9370D100E8D20A /* Tipster */,
			);
		};
/* End PBXProject section */

/* Begin PBXResourcesBuildPhase section */
		4AC9D6A21C9370D100E8D20A /* Resources */ = {
			isa = PBXResourcesBuildPhase;
			buildActionMask = 2147483647;
			files = (
				4AC9D6B21C9370D100E8D20A /* LaunchScreen.storyboard in Resources */,
				4AC9D6AF1C9370D100E8D20A /* Assets.xcassets in Resources */,
				4AC9D6AD1C9370D100E8D20A /* Main.storyboard in Resources */,
			);
			runOnlyForDeploymentPostprocessing = 0;
		};
/* End PBXResourcesBuildPhase section */

/* Begin PBXSourcesBuildPhase section */
		4AC9D6A01C9370D100E8D20A /* Sources */ = {
			isa = PBXSourcesBuildPhase;
			buildActionMask = 2147483647;
			files = (
				4AC9D6AA1C9370D100E8D20A /* ViewController.swift in Sources */,
				4AC9D6A81C9370D100E8D20A /* AppDelegate.swift in Sources */,
				4A87A6621C9A0D6C00EB6F24 /* UIViewExtensions.swift in Sources */,
				4A87A6641C9A1AE500EB6F24 /* ExtensionDecimalPoints.swift in Sources */,
				4A87A6601C99FB8800EB6F24 /* UIColorExtension.swift in Sources */,
			);
			runOnlyForDeploymentPostprocessing = 0;
		};
/* End PBXSourcesBuildPhase section */

/* Begin PBXVariantGroup section */
		4AC9D6AB1C9370D100E8D20A /* Main.storyboard */ = {
			isa = PBXVariantGroup;
			children = (
				4AC9D6AC1C9370D100E8D20A /* Base */,
			);
			name = Main.storyboard;
			sourceTree = "<group>";
		};
		4AC9D6B01C9370D100E8D20A /* LaunchScreen.storyboard */ = {
			isa = PBXVariantGroup;
			children = (
				4AC9D6B11C9370D100E8D20A /* Base */,
			);
			name = LaunchScreen.storyboard;
			sourceTree = "<group>";
		};
/* End PBXVariantGroup section */

/* Begin XCBuildConfiguration section */
		4AC9D6B41C9370D100E8D20A /* Debug */ = {
			isa = XCBuildConfiguration;
			buildSettings = {
				ALWAYS_SEARCH_USER_PATHS = NO;
				CLANG_CXX_LANGUAGE_STANDARD = "gnu++0x";
				CLANG_CXX_LIBRARY = "libc++";
				CLANG_ENABLE_MODULES = YES;
				CLANG_ENABLE_OBJC_ARC = YES;
				CLANG_WARN_BOOL_CONVERSION = YES;
				CLANG_WARN_CONSTANT_CONVERSION = YES;
				CLANG_WARN_DIRECT_OBJC_ISA_USAGE = YES_ERROR;
				CLANG_WARN_EMPTY_BODY = YES;
				CLANG_WARN_ENUM_CONVERSION = YES;
				CLANG_WARN_INT_CONVERSION = YES;
				CLANG_WARN_OBJC_ROOT_CLASS = YES_ERROR;
				CLANG_WARN_UNREACHABLE_CODE = YES;
				CLANG_WARN__DUPLICATE_METHOD_MATCH = YES;
				"CODE_SIGN_IDENTITY[sdk=iphoneos*]" = "iPhone Developer";
				COPY_PHASE_STRIP = NO;
				DEBUG_INFORMATION_FORMAT = dwarf;
				ENABLE_STRICT_OBJC_MSGSEND = YES;
				ENABLE_TESTABILITY = YES;
				GCC_C_LANGUAGE_STANDARD = gnu99;
				GCC_DYNAMIC_NO_PIC = NO;
				GCC_NO_COMMON_BLOCKS = YES;
				GCC_OPTIMIZATION_LEVEL = 0;
				GCC_PREPROCESSOR_DEFINITIONS = (
					"DEBUG=1",
					"$(inherited)",
				);
				GCC_WARN_64_TO_32_BIT_CONVERSION = YES;
				GCC_WARN_ABOUT_RETURN_TYPE = YES_ERROR;
				GCC_WARN_UNDECLARED_SELECTOR = YES;
				GCC_WARN_UNINITIALIZED_AUTOS = YES_AGGRESSIVE;
				GCC_WARN_UNUSED_FUNCTION = YES;
				GCC_WARN_UNUSED_VARIABLE = YES;
				IPHONEOS_DEPLOYMENT_TARGET = 9.2;
				MTL_ENABLE_DEBUG_INFO = YES;
				ONLY_ACTIVE_ARCH = YES;
				SDKROOT = iphoneos;
				SWIFT_OPTIMIZATION_LEVEL = "-Onone";
			};
			name = Debug;
		};
		4AC9D6B51C9370D100E8D20A /* Release */ = {
			isa = XCBuildConfiguration;
			buildSettings = {
				ALWAYS_SEARCH_USER_PATHS = NO;
				CLANG_CXX_LANGUAGE_STANDARD = "gnu++0x";
				CLANG_CXX_LIBRARY = "libc++";
				CLANG_ENABLE_MODULES = YES;
				CLANG_ENABLE_OBJC_ARC = YES;
				CLANG_WARN_BOOL_CONVERSION = YES;
				CLANG_WARN_CONSTANT_CONVERSION = YES;
				CLANG_WARN_DIRECT_OBJC_ISA_USAGE = YES_ERROR;
				CLANG_WARN_EMPTY_BODY = YES;
				CLANG_WARN_ENUM_CONVERSION = YES;
				CLANG_WARN_INT_CONVERSION = YES;
				CLANG_WARN_OBJC_ROOT_CLASS = YES_ERROR;
				CLANG_WARN_UNREACHABLE_CODE = YES;
				CLANG_WARN__DUPLICATE_METHOD_MATCH = YES;
				"CODE_SIGN_IDENTITY[sdk=iphoneos*]" = "iPhone Developer";
				COPY_PHASE_STRIP = NO;
				DEBUG_INFORMATION_FORMAT = "dwarf-with-dsym";
				ENABLE_NS_ASSERTIONS = NO;
				ENABLE_STRICT_OBJC_MSGSEND = YES;
				GCC_C_LANGUAGE_STANDARD = gnu99;
				GCC_NO_COMMON_BLOCKS = YES;
				GCC_WARN_64_TO_32_BIT_CONVERSION = YES;
				GCC_WARN_ABOUT_RETURN_TYPE = YES_ERROR;
				GCC_WARN_UNDECLARED_SELECTOR = YES;
				GCC_WARN_UNINITIALIZED_AUTOS = YES_AGGRESSIVE;
				GCC_WARN_UNUSED_FUNCTION = YES;
				GCC_WARN_UNUSED_VARIABLE = YES;
				IPHONEOS_DEPLOYMENT_TARGET = 9.2;
				MTL_ENABLE_DEBUG_INFO = NO;
				SDKROOT = iphoneos;
				VALIDATE_PRODUCT = YES;
			};
			name = Release;
		};
		4AC9D6B71C9370D100E8D20A /* Debug */ = {
			isa = XCBuildConfiguration;
			buildSettings = {
				ASSETCATALOG_COMPILER_APPICON_NAME = AppIcon;
				INFOPLIST_FILE = TipCalc/Info.plist;
				LD_RUNPATH_SEARCH_PATHS = "$(inherited) @executable_path/Frameworks";
				PRODUCT_BUNDLE_IDENTIFIER = com.nicholasnaude.Tipster;
				PRODUCT_NAME = Tipster;
			};
			name = Debug;
		};
		4AC9D6B81C9370D100E8D20A /* Release */ = {
			isa = XCBuildConfiguration;
			buildSettings = {
				ASSETCATALOG_COMPILER_APPICON_NAME = AppIcon;
				INFOPLIST_FILE = TipCalc/Info.plist;
				LD_RUNPATH_SEARCH_PATHS = "$(inherited) @executable_path/Frameworks";
				PRODUCT_BUNDLE_IDENTIFIER = com.nicholasnaude.Tipster;
				PRODUCT_NAME = Tipster;
			};
			name = Release;
		};
/* End XCBuildConfiguration section */

/* Begin XCConfigurationList section */
		4AC9D69F1C9370D100E8D20A /* Build configuration list for PBXProject "Tipster" */ = {
			isa = XCConfigurationList;
			buildConfigurations = (
				4AC9D6B41C9370D100E8D20A /* Debug */,
				4AC9D6B51C9370D100E8D20A /* Release */,
			);
			defaultConfigurationIsVisible = 0;
			defaultConfigurationName = Release;
		};
		4AC9D6B61C9370D100E8D20A /* Build configuration list for PBXNativeTarget "Tipster" */ = {
			isa = XCConfigurationList;
			buildConfigurations = (
				4AC9D6B71C9370D100E8D20A /* Debug */,
				4AC9D6B81C9370D100E8D20A /* Release */,
			);
			defaultConfigurationIsVisible = 0;
			defaultConfigurationName = Release;
		};
/* End XCConfigurationList section */
	};
	rootObject = 4AC9D69C1C9370D100E8D20A /* Project object */;
}
